<?xml version="1.0" encoding="utf-8"?>
<Project ToolsVersion="4.0" xmlns="http://schemas.microsoft.com/developer/msbuild/2003">
  <ItemGroup>
    <Filter Include="리소스 파일">
      <UniqueIdentifier>{67DA6AB6-F800-4c08-8B7A-83BB121AAD01}</UniqueIdentifier>
      <Extensions>rc;ico;cur;bmp;dlg;rc2;rct;bin;rgs;gif;jpg;jpeg;jpe;resx;tiff;tif;png;wav;mfcribbon-ms</Extensions>
    </Filter>
    <Filter Include="Default">
      <UniqueIdentifier>{b536e28a-224e-4791-8836-cae815f729b0}</UniqueIdentifier>
    </Filter>
    <Filter Include="Engine">
      <UniqueIdentifier>{4FC737F1-C7A5-4376-A066-2A32D752A2FF}</UniqueIdentifier>
      <Extensions>cpp;c;cc;cxx;c++;cppm;ixx;def;odl;idl;hpj;bat;asm;asmx</Extensions>
    </Filter>
    <Filter Include="Engine\01. Header">
      <UniqueIdentifier>{19b068d0-7830-48d2-b158-17db70cc27a6}</UniqueIdentifier>
    </Filter>
    <Filter Include="Engine\02. Core">
      <UniqueIdentifier>{ce662db0-cb4f-45ef-ba2e-a1d5ea1c1056}</UniqueIdentifier>
    </Filter>
    <Filter Include="Engine\04.Object">
      <UniqueIdentifier>{6aa9045a-f67f-4c71-9417-027ba1b069b7}</UniqueIdentifier>
    </Filter>
    <Filter Include="Engine\03.Managers">
      <UniqueIdentifier>{66886ed0-6240-4e06-96f2-92a6a3210814}</UniqueIdentifier>
    </Filter>
    <Filter Include="Engine\05.Scene">
      <UniqueIdentifier>{1bd98f75-8631-48a2-82c8-105c40bbca44}</UniqueIdentifier>
    </Filter>
  </ItemGroup>
  <ItemGroup>
    <ClInclude Include="framework.h">
      <Filter>Engine\01. Header</Filter>
    </ClInclude>
    <ClInclude Include="Core.h">
      <Filter>Engine\02. Core</Filter>
    </ClInclude>
    <ClInclude Include="Resource.h">
      <Filter>Default</Filter>
    </ClInclude>
    <ClInclude Include="targetver.h">
      <Filter>Default</Filter>
    </ClInclude>
    <ClInclude Include="WinAPI_Class.h">
      <Filter>Default</Filter>
    </ClInclude>
    <ClInclude Include="Define.h">
      <Filter>Engine\01. Header</Filter>
    </ClInclude>
    <ClInclude Include="pch.h">
      <Filter>Engine\01. Header</Filter>
    </ClInclude>
    <ClInclude Include="Object.h">
      <Filter>Engine\04.Object</Filter>
    </ClInclude>
    <ClInclude Include="BWindow.h">
      <Filter>Engine\02. Core</Filter>
    </ClInclude>
    <ClInclude Include="Vec2.h">
      <Filter>Engine\01. Header</Filter>
    </ClInclude>
    <ClInclude Include="TimeManager.h">
      <Filter>Engine\03.Managers</Filter>
    </ClInclude>
    <ClInclude Include="KeyManager.h">
      <Filter>Engine\03.Managers</Filter>
    </ClInclude>
    <ClInclude Include="Scene.h">
      <Filter>Engine\05.Scene</Filter>
    </ClInclude>
    <ClInclude Include="SceneManager.h">
      <Filter>Engine\03.Managers</Filter>
    </ClInclude>
    <ClInclude Include="Scene_Start.h">
      <Filter>Engine\05.Scene</Filter>
    </ClInclude>
    <ClInclude Include="Player.h">
      <Filter>Engine\04.Object</Filter>
    </ClInclude>
    <ClInclude Include="Bullet.h">
      <Filter>Engine\04.Object</Filter>
    </ClInclude>
    <ClInclude Include="Monster.h">
      <Filter>Engine\04.Object</Filter>
    </ClInclude>
  </ItemGroup>
  <ItemGroup>
    <ClCompile Include="Core.cpp">
      <Filter>Engine\02. Core</Filter>
    </ClCompile>
    <ClCompile Include="BWindow.cpp">
      <Filter>Engine\02. Core</Filter>
    </ClCompile>
    <ClCompile Include="WinAPI_Class.cpp">
      <Filter>Engine\02. Core</Filter>
    </ClCompile>
    <ClCompile Include="Object.cpp">
      <Filter>Engine\04.Object</Filter>
    </ClCompile>
    <ClCompile Include="Vec2.cpp">
      <Filter>Engine\01. Header</Filter>
    </ClCompile>
    <ClCompile Include="Scene.cpp">
      <Filter>Engine\05.Scene</Filter>
    </ClCompile>
    <ClCompile Include="KeyManager.cpp">
      <Filter>Engine\03.Managers</Filter>
    </ClCompile>
    <ClCompile Include="TimeManager.cpp">
      <Filter>Engine\03.Managers</Filter>
    </ClCompile>
    <ClCompile Include="SceneManager.cpp">
      <Filter>Engine\03.Managers</Filter>
    </ClCompile>
    <ClCompile Include="Scene_Start.cpp">
      <Filter>Engine\05.Scene</Filter>
    </ClCompile>
    <ClCompile Include="Player.cpp">
      <Filter>Engine\04.Object</Filter>
    </ClCompile>
    <ClCompile Include="Bullet.cpp">
      <Filter>Engine\04.Object</Filter>
    </ClCompile>
    <ClCompile Include="Monster.cpp">
      <Filter>Engine\04.Object</Filter>
    </ClCompile>
  </ItemGroup>
  <ItemGroup>
    <ResourceCompile Include="WinAPI_Class.rc">
      <Filter>리소스 파일</Filter>
    </ResourceCompile>
  </ItemGroup>
  <ItemGroup>
    <Image Include="small.ico">
      <Filter>리소스 파일</Filter>
    </Image>
    <Image Include="WinAPI_Class.ico">
      <Filter>리소스 파일</Filter>
    </Image>
  </ItemGroup>
</Project>